
Microsoft Visual Studio Solution File, Format Version 12.00
# Visual Studio Version 17
VisualStudioVersion = 17.4.33213.308
MinimumVisualStudioVersion = 10.0.40219.1
Project("{FAE04EC0-301F-11D3-BF4B-00C04F79EFBC}") = "ListaConvidados", "ListaConvidados.csproj", "{5F313335-D808-4196-9957-3CC352D9903A}"
EndProject
Global
	GlobalSection(SolutionConfigurationPlatforms) = preSolution
		Debug|Any CPU = Debug|Any CPU
		Release|Any CPU = Release|Any CPU
	EndGlobalSection
	GlobalSection(ProjectConfigurationPlatforms) = postSolution
		{5F313335-D808-4196-9957-3CC352D9903A}.Debug|Any CPU.ActiveCfg = Debug|Any CPU
		{5F313335-D808-4196-9957-3CC352D9903A}.Debug|Any CPU.Build.0 = Debug|Any CPU
		{5F313335-D808-4196-9957-3CC352D9903A}.Release|Any CPU.ActiveCfg = Release|Any CPU
		{5F313335-D808-4196-9957-3CC352D9903A}.Release|Any CPU.Build.0 = Release|Any CPU
	EndGlobalSection
	GlobalSection(SolutionProperties) = preSolution
		HideSolutionNode = FALSE
	EndGlobalSection
	GlobalSection(ExtensibilityGlobals) = postSolution
		SolutionGuid = {D6F7F25E-8DB5-4592-B062-AAEE1E2A0179}
	EndGlobalSection
EndGlobal
